programs:
- checksums:
    deno-aarch64-apple-darwin.zip:
      archive: b1e9f251ac9e709e97a5b892ef3c0b696896338aa8d9764d45befed9295a75fb
      binary: 14375a095f66c6aa9d55119fdfcc2974a363afb852e352d5ab0b965c69396493
    deno-x86_64-unknown-linux-gnu.zip:
      archive: de431f73a31fe7cac969c5e1088174a47263b23c70ebf5f690488eccfd61b62c
      binary: 227d743e45ebac69c3dccb406929ac671ad41d9e6dc22621c6111ab88c6c287f
  name: deno
  overlay:
    Arch:
      amd64: x86_64
      arm64: aarch64
    OS:
      darwin: apple-darwin
      linux: unknown-linux-gnu
  paths:
    base: https://github.com/denoland/deno/releases/download/v{{ .Version }}/
    target: '{{ .Name }}-{{ .Arch }}-{{ .OS }}.zip'
  version: 1.20.6
